<?xml version="1.0" encoding="utf-8"?>
<Project ToolsVersion="4.0" xmlns="http://schemas.microsoft.com/developer/msbuild/2003">
  <ItemGroup>
    <Filter Include="Protobuf">
      <UniqueIdentifier>{09826a7f-1898-4af6-aad5-6dea3370c9ba}</UniqueIdentifier>
    </Filter>
    <Filter Include="Protobuf\Source Files">
      <UniqueIdentifier>{6a41b3d5-5506-452a-850b-a78bfa49d1fb}</UniqueIdentifier>
    </Filter>
    <Filter Include="Protobuf\Head Files">
      <UniqueIdentifier>{535692bc-0ef5-4347-99dd-18d8e1b135aa}</UniqueIdentifier>
    </Filter>
    <Filter Include="Protobuf\Other Files">
      <UniqueIdentifier>{e31d662c-1e64-4005-8219-bd155658cee4}</UniqueIdentifier>
    </Filter>
    <Filter Include="Test Files">
      <UniqueIdentifier>{93995380-89BD-4b04-88EB-625FBE52EBFB}</UniqueIdentifier>
      <Extensions>h;hh;hpp;hxx;hm;inl;inc;ipp;xsd</Extensions>
    </Filter>
    <Filter Include="Main Files">
      <UniqueIdentifier>{4FC737F1-C7A5-4376-A066-2A32D752A2FF}</UniqueIdentifier>
      <Extensions>cpp;c;cc;cxx;def;odl;idl;hpj;bat;asm;asmx</Extensions>
    </Filter>
    <Filter Include="Test Files\Head Files">
      <UniqueIdentifier>{c99ecaa3-d1a9-446d-a670-bb00f8ec4d1e}</UniqueIdentifier>
    </Filter>
    <Filter Include="Test Files\Source Files">
      <UniqueIdentifier>{539370b3-f818-4c2b-8acd-e2e21c1e2158}</UniqueIdentifier>
    </Filter>
    <Filter Include="ThreadPool">
      <UniqueIdentifier>{792488f2-e442-49bc-a83b-efebe4e58cf9}</UniqueIdentifier>
    </Filter>
    <Filter Include="ThreadPool\Head Files">
      <UniqueIdentifier>{33979fce-5807-4e88-bfbe-2ed69deb64bd}</UniqueIdentifier>
    </Filter>
    <Filter Include="ThreadPool\Source Files">
      <UniqueIdentifier>{4b509ef9-a65e-4171-bc56-d77e4ed6b090}</UniqueIdentifier>
    </Filter>
    <Filter Include="Socket">
      <UniqueIdentifier>{1a6dea10-210c-4598-8a24-72df0c584034}</UniqueIdentifier>
    </Filter>
    <Filter Include="Socket\Head Files">
      <UniqueIdentifier>{93582602-99a8-412d-87c6-832455fd0d9c}</UniqueIdentifier>
    </Filter>
    <Filter Include="Socket\Source Files">
      <UniqueIdentifier>{bb649870-56ef-4248-bc83-df96316392ec}</UniqueIdentifier>
    </Filter>
    <Filter Include="MemoryShare">
      <UniqueIdentifier>{63514fc9-3d4b-4093-9fab-39739f4d3c1f}</UniqueIdentifier>
    </Filter>
    <Filter Include="MemoryShare\Head Files">
      <UniqueIdentifier>{fc018eba-3143-4a8f-89e6-bf9714fdc16c}</UniqueIdentifier>
    </Filter>
    <Filter Include="MemoryShare\Source Files">
      <UniqueIdentifier>{61805c48-32d3-4640-98c6-f7d6e4dc6d0f}</UniqueIdentifier>
    </Filter>
    <Filter Include="OpenSSL">
      <UniqueIdentifier>{97dd7255-df30-49b7-b476-ba8b748292f6}</UniqueIdentifier>
    </Filter>
    <Filter Include="OpenSSL\Head Files">
      <UniqueIdentifier>{7c45774d-320d-4519-8a32-cdea8199db75}</UniqueIdentifier>
    </Filter>
    <Filter Include="OpenSSL\Source Files">
      <UniqueIdentifier>{9d3d68bf-774a-4cbb-abfd-f902a84afde2}</UniqueIdentifier>
    </Filter>
    <Filter Include="OpenSSL\Other Files">
      <UniqueIdentifier>{69f2d76d-f690-4032-9282-06f682ef0c2b}</UniqueIdentifier>
    </Filter>
    <Filter Include="PublicDataDef">
      <UniqueIdentifier>{29e9855a-a8e0-47ac-8a82-2011bb004032}</UniqueIdentifier>
    </Filter>
    <Filter Include="PublicDataDef\Head Files">
      <UniqueIdentifier>{d5170b6b-e63e-4f76-a946-55ac20c4c3ea}</UniqueIdentifier>
    </Filter>
  </ItemGroup>
  <ItemGroup>
    <ClCompile Include="main.cpp">
      <Filter>Main Files</Filter>
    </ClCompile>
    <ClCompile Include="Protobuf\Message.pb.cc">
      <Filter>Protobuf\Source Files</Filter>
    </ClCompile>
    <ClCompile Include="Protobuf\Codec.cpp">
      <Filter>Protobuf\Source Files</Filter>
    </ClCompile>
    <ClCompile Include="Protobuf\Request.cpp">
      <Filter>Protobuf\Source Files</Filter>
    </ClCompile>
    <ClCompile Include="Protobuf\Response.cpp">
      <Filter>Protobuf\Source Files</Filter>
    </ClCompile>
    <ClCompile Include="FuncTest\FuncTest.cpp">
      <Filter>Test Files\Source Files</Filter>
    </ClCompile>
    <ClCompile Include="ThreadPool\ThreadPool.cpp">
      <Filter>ThreadPool\Source Files</Filter>
    </ClCompile>
    <ClCompile Include="Socket\TcpServer.cpp">
      <Filter>Socket\Source Files</Filter>
    </ClCompile>
    <ClCompile Include="Socket\TcpSocket.cpp">
      <Filter>Socket\Source Files</Filter>
    </ClCompile>
    <ClCompile Include="MemoryShare\MemoryShare.cpp">
      <Filter>MemoryShare\Source Files</Filter>
    </ClCompile>
    <ClCompile Include="FuncTest\LibApiTest.cpp">
      <Filter>Test Files\Source Files</Filter>
    </ClCompile>
    <ClCompile Include="OpenSSL\Encrypt.cpp">
      <Filter>OpenSSL\Source Files</Filter>
    </ClCompile>
  </ItemGroup>
  <ItemGroup>
    <ClInclude Include="Protobuf\ProtobufDataDef.h">
      <Filter>Protobuf\Head Files</Filter>
    </ClInclude>
    <ClInclude Include="Protobuf\Message.pb.h">
      <Filter>Protobuf\Head Files</Filter>
    </ClInclude>
    <ClInclude Include="Protobuf\Codec.h">
      <Filter>Protobuf\Head Files</Filter>
    </ClInclude>
    <ClInclude Include="Protobuf\Request.h">
      <Filter>Protobuf\Head Files</Filter>
    </ClInclude>
    <ClInclude Include="Protobuf\Response.h">
      <Filter>Protobuf\Head Files</Filter>
    </ClInclude>
    <ClInclude Include="FuncTest\FuncTest.h">
      <Filter>Test Files\Head Files</Filter>
    </ClInclude>
    <ClInclude Include="ThreadPool\ThreadPool.h">
      <Filter>ThreadPool\Head Files</Filter>
    </ClInclude>
    <ClInclude Include="Socket\TcpServer.h">
      <Filter>Socket\Head Files</Filter>
    </ClInclude>
    <ClInclude Include="Socket\TcpSocket.h">
      <Filter>Socket\Head Files</Filter>
    </ClInclude>
    <ClInclude Include="MemoryShare\MemoryShare.h">
      <Filter>MemoryShare\Head Files</Filter>
    </ClInclude>
    <ClInclude Include="FuncTest\LibApiTest.h">
      <Filter>Test Files\Head Files</Filter>
    </ClInclude>
    <ClInclude Include="OpenSSL\Encrypt.h">
      <Filter>OpenSSL\Head Files</Filter>
    </ClInclude>
    <ClInclude Include="PublicDataDef\PublicDataDef.h">
      <Filter>PublicDataDef\Head Files</Filter>
    </ClInclude>
  </ItemGroup>
  <ItemGroup>
    <None Include="Protobuf\Message.proto">
      <Filter>Protobuf\Other Files</Filter>
    </None>
  </ItemGroup>
</Project>