
Microsoft Visual Studio Solution File, Format Version 12.00
# Visual Studio Version 17
VisualStudioVersion = 17.3.32721.290
MinimumVisualStudioVersion = 10.0.40219.1
Project("{8BC9CEB8-8B4A-11D0-8D11-00A0C91BC942}") = "20220803", "20220803.vcxproj", "{5B84D123-82F8-4F22-BFA8-D16E2DB30D6B}"
EndProject
Global
	GlobalSection(SolutionConfigurationPlatforms) = preSolution
		Debug|x64 = Debug|x64
		Debug|x86 = Debug|x86
		Release|x64 = Release|x64
		Release|x86 = Release|x86
	EndGlobalSection
	GlobalSection(ProjectConfigurationPlatforms) = postSolution
		{5B84D123-82F8-4F22-BFA8-D16E2DB30D6B}.Debug|x64.ActiveCfg = Debug|x64
		{5B84D123-82F8-4F22-BFA8-D16E2DB30D6B}.Debug|x64.Build.0 = Debug|x64
		{5B84D123-82F8-4F22-BFA8-D16E2DB30D6B}.Debug|x86.ActiveCfg = Debug|Win32
		{5B84D123-82F8-4F22-BFA8-D16E2DB30D6B}.Debug|x86.Build.0 = Debug|Win32
		{5B84D123-82F8-4F22-BFA8-D16E2DB30D6B}.Release|x64.ActiveCfg = Release|x64
		{5B84D123-82F8-4F22-BFA8-D16E2DB30D6B}.Release|x64.Build.0 = Release|x64
		{5B84D123-82F8-4F22-BFA8-D16E2DB30D6B}.Release|x86.ActiveCfg = Release|Win32
		{5B84D123-82F8-4F22-BFA8-D16E2DB30D6B}.Release|x86.Build.0 = Release|Win32
	EndGlobalSection
	GlobalSection(SolutionProperties) = preSolution
		HideSolutionNode = FALSE
	EndGlobalSection
	GlobalSection(ExtensibilityGlobals) = postSolution
		SolutionGuid = {AC0AF204-44BB-4584-A15D-B03909D7EA50}
	EndGlobalSection
EndGlobal
