
Microsoft Visual Studio Solution File, Format Version 12.00
# Visual Studio Version 17
VisualStudioVersion = 17.3.32721.290
MinimumVisualStudioVersion = 10.0.40219.1
Project("{8BC9CEB8-8B4A-11D0-8D11-00A0C91BC942}") = "20220804", "20220804.vcxproj", "{71722288-8135-48E1-9B94-6FEFFC52D10A}"
EndProject
Global
	GlobalSection(SolutionConfigurationPlatforms) = preSolution
		Debug|x64 = Debug|x64
		Debug|x86 = Debug|x86
		Release|x64 = Release|x64
		Release|x86 = Release|x86
	EndGlobalSection
	GlobalSection(ProjectConfigurationPlatforms) = postSolution
		{71722288-8135-48E1-9B94-6FEFFC52D10A}.Debug|x64.ActiveCfg = Debug|x64
		{71722288-8135-48E1-9B94-6FEFFC52D10A}.Debug|x64.Build.0 = Debug|x64
		{71722288-8135-48E1-9B94-6FEFFC52D10A}.Debug|x86.ActiveCfg = Debug|Win32
		{71722288-8135-48E1-9B94-6FEFFC52D10A}.Debug|x86.Build.0 = Debug|Win32
		{71722288-8135-48E1-9B94-6FEFFC52D10A}.Release|x64.ActiveCfg = Release|x64
		{71722288-8135-48E1-9B94-6FEFFC52D10A}.Release|x64.Build.0 = Release|x64
		{71722288-8135-48E1-9B94-6FEFFC52D10A}.Release|x86.ActiveCfg = Release|Win32
		{71722288-8135-48E1-9B94-6FEFFC52D10A}.Release|x86.Build.0 = Release|Win32
	EndGlobalSection
	GlobalSection(SolutionProperties) = preSolution
		HideSolutionNode = FALSE
	EndGlobalSection
	GlobalSection(ExtensibilityGlobals) = postSolution
		SolutionGuid = {EB453158-FE99-4E11-BB12-B6A51EF44081}
	EndGlobalSection
EndGlobal
