<?xml version="1.0" encoding="utf-8"?>
<Project ToolsVersion="4.0" xmlns="http://schemas.microsoft.com/developer/msbuild/2003">
  <ItemGroup>
    <Filter Include="资源文件">
      <UniqueIdentifier>{67DA6AB6-F800-4c08-8B7A-83BB121AAD01}</UniqueIdentifier>
      <Extensions>rc;ico;cur;bmp;dlg;rc2;rct;bin;rgs;gif;jpg;jpeg;jpe;resx;tiff;tif;png;wav;mfcribbon-ms</Extensions>
    </Filter>
    <Filter Include="Main">
      <UniqueIdentifier>{4FC737F1-C7A5-4376-A066-2A32D752A2FF}</UniqueIdentifier>
      <Extensions>cpp;c;cc;cxx;c++;cppm;ixx;def;odl;idl;hpj;bat;asm;asmx</Extensions>
    </Filter>
    <Filter Include="Main\Header Files">
      <UniqueIdentifier>{588ba697-8b73-4714-b5a8-030f4db4bdde}</UniqueIdentifier>
    </Filter>
    <Filter Include="Main\Source Files">
      <UniqueIdentifier>{ac41fe1e-d780-4353-988c-f6ffb9991c6a}</UniqueIdentifier>
    </Filter>
    <Filter Include="DataStructure">
      <UniqueIdentifier>{073e1b7a-66cc-4bf5-afb0-de96dee2107a}</UniqueIdentifier>
    </Filter>
    <Filter Include="DataStructure\DataStruct_Tree">
      <UniqueIdentifier>{e7f3de34-efa3-4764-af93-12f0f5ec495a}</UniqueIdentifier>
    </Filter>
    <Filter Include="DataStructure\DataStruct_Tree\Header Files">
      <UniqueIdentifier>{27f186ff-4faf-4f84-a3b6-ce29c6fd7d24}</UniqueIdentifier>
    </Filter>
    <Filter Include="DataStructure\DataStruct_Tree\Source Files">
      <UniqueIdentifier>{95aa0da3-9ccb-4656-ac74-f0de3b20d355}</UniqueIdentifier>
    </Filter>
    <Filter Include="DataStructure\DataStruct_LinkList">
      <UniqueIdentifier>{1e69bdd5-d1c4-4dc9-94e8-f1cc6da85902}</UniqueIdentifier>
    </Filter>
    <Filter Include="DataStructure\DataStruct_LinkList\Header Files">
      <UniqueIdentifier>{e7850fe7-1208-49a2-9548-8d28b9bf8faa}</UniqueIdentifier>
    </Filter>
    <Filter Include="DataStructure\DataStruct_LinkList\Source Files">
      <UniqueIdentifier>{a46d4d00-6270-4af2-9ce4-27ef16162be3}</UniqueIdentifier>
    </Filter>
    <Filter Include="DataStructure\DataStruct_Array">
      <UniqueIdentifier>{8aee7170-f24f-4299-b2eb-0724f12ff1e0}</UniqueIdentifier>
    </Filter>
    <Filter Include="DataStructure\DataStruct_Array\Header Files">
      <UniqueIdentifier>{8b11f3bb-2317-404f-86f5-7d644444c378}</UniqueIdentifier>
    </Filter>
    <Filter Include="DataStructure\DataStruct_Array\Source Files">
      <UniqueIdentifier>{a295d1d7-4f12-4b2d-992c-ef897b3358dd}</UniqueIdentifier>
    </Filter>
    <Filter Include="Algorithm">
      <UniqueIdentifier>{66b5c539-be4f-4b22-a44e-78479677d39a}</UniqueIdentifier>
    </Filter>
    <Filter Include="DataStructure\DataStruct_Stack">
      <UniqueIdentifier>{8bbe1a79-2fc8-463f-bec8-70a1c0058fa6}</UniqueIdentifier>
    </Filter>
    <Filter Include="DataStructure\DataStruct_Stack\Header Fles">
      <UniqueIdentifier>{d9c2218b-2a64-4454-832e-ba092592a109}</UniqueIdentifier>
    </Filter>
    <Filter Include="DataStructure\DataStruct_Stack\Source Files">
      <UniqueIdentifier>{ab8aa0f2-03b4-4262-84c1-1a6be95a85d3}</UniqueIdentifier>
    </Filter>
    <Filter Include="DataStructure\DataStruct_Queue">
      <UniqueIdentifier>{6c15d23d-ece9-4f7d-9ff6-5fb0785bd7d2}</UniqueIdentifier>
    </Filter>
    <Filter Include="DataStructure\DataStruct_Queue\Header Files">
      <UniqueIdentifier>{fa46b18b-6b19-4ae1-9a0d-432739453800}</UniqueIdentifier>
    </Filter>
    <Filter Include="DataStructure\DataStruct_Queue\Source Files">
      <UniqueIdentifier>{cd95435a-e983-4c3d-9938-6a822b24fd99}</UniqueIdentifier>
    </Filter>
    <Filter Include="Algorithm\Algorithm_Sort">
      <UniqueIdentifier>{52644657-4e52-42f1-bc83-072d0640dc22}</UniqueIdentifier>
    </Filter>
    <Filter Include="Algorithm\Algorithm_Sort\Algorithm_SwitchSort">
      <UniqueIdentifier>{93995380-89BD-4b04-88EB-625FBE52EBFB}</UniqueIdentifier>
      <Extensions>h;hh;hpp;hxx;h++;hm;inl;inc;ipp;xsd</Extensions>
    </Filter>
    <Filter Include="Algorithm\Algorithm_Sort\Algorithm_SwitchSort\Header Files">
      <UniqueIdentifier>{a17a4e3d-c78c-4725-98b6-1f5014a2e60c}</UniqueIdentifier>
    </Filter>
    <Filter Include="Algorithm\Algorithm_Sort\Algorithm_SwitchSort\Source Files">
      <UniqueIdentifier>{d49d0451-e23d-4009-85c7-15a09ad0b21a}</UniqueIdentifier>
    </Filter>
    <Filter Include="Algorithm\Algorithm_Sort\Algorithm_LinearList">
      <UniqueIdentifier>{cb758f1c-93fb-43ad-8f64-9021c12cdc88}</UniqueIdentifier>
    </Filter>
    <Filter Include="Algorithm\Algorithm_Sort\Algorithm_LinearList\Header Files">
      <UniqueIdentifier>{957b8267-debc-4605-ab97-4e18df497966}</UniqueIdentifier>
    </Filter>
    <Filter Include="Algorithm\Algorithm_Sort\Algorithm_LinearList\Source Files">
      <UniqueIdentifier>{b36edd81-e624-4620-93a6-7e28025482d4}</UniqueIdentifier>
    </Filter>
    <Filter Include="Algorithm\Algorithm_Sort\Algorithm_InsertSort">
      <UniqueIdentifier>{2a4e655e-fab8-427e-a080-7032ee1e9cd4}</UniqueIdentifier>
    </Filter>
    <Filter Include="Algorithm\Algorithm_Sort\Algorithm_InsertSort\Header Files">
      <UniqueIdentifier>{71e4b126-5428-4fd6-af34-cfc86032c144}</UniqueIdentifier>
    </Filter>
    <Filter Include="Algorithm\Algorithm_Sort\Algorithm_InsertSort\Source Files">
      <UniqueIdentifier>{ae013dac-9e06-44fe-8ccb-63c324fc5c70}</UniqueIdentifier>
    </Filter>
    <Filter Include="Algorithm\Algorithm_Sort\Algorithm_InnerSort">
      <UniqueIdentifier>{ea4caae0-eff7-40cb-a9cc-56eca46cddcd}</UniqueIdentifier>
    </Filter>
    <Filter Include="Algorithm\Algorithm_Sort\Algorithm_InnerSort\Header Files">
      <UniqueIdentifier>{ace281d5-e1a7-43e4-b964-16f84d9cf549}</UniqueIdentifier>
    </Filter>
    <Filter Include="Algorithm\Algorithm_Sort\Algorithm_InnerSort\Source Files">
      <UniqueIdentifier>{d7f9b1f8-6f89-43e2-bf6c-bc5747892983}</UniqueIdentifier>
    </Filter>
    <Filter Include="Algorithm\Algorithm_Sort\Algorithm_ChooseSort">
      <UniqueIdentifier>{ec980bd5-94f9-42cd-9c1f-ba514066ba14}</UniqueIdentifier>
    </Filter>
    <Filter Include="Algorithm\Algorithm_Sort\Algorithm_ChooseSort\Header Files">
      <UniqueIdentifier>{987cade3-99c1-4f8e-be3f-5059a4372e48}</UniqueIdentifier>
    </Filter>
    <Filter Include="Algorithm\Algorithm_Sort\Algorithm_ChooseSort\Source Files">
      <UniqueIdentifier>{5bd30868-ae22-494e-9b0d-ff12d8108a08}</UniqueIdentifier>
    </Filter>
    <Filter Include="Algorithm\Algorithm_Sort\Algorithm_AllocateSort">
      <UniqueIdentifier>{f08633d7-60ad-47a8-88a8-b234bcfac166}</UniqueIdentifier>
    </Filter>
    <Filter Include="Algorithm\Algorithm_Sort\Algorithm_AllocateSort\Header Files">
      <UniqueIdentifier>{2661a0b2-4016-41eb-b17d-fae42c328990}</UniqueIdentifier>
    </Filter>
    <Filter Include="Algorithm\Algorithm_Sort\Algorithm_AllocateSort\Source Files">
      <UniqueIdentifier>{4a2c490a-7ed9-44e7-b29d-1cb7fee84802}</UniqueIdentifier>
    </Filter>
    <Filter Include="Algorithm\Algorithm_Search">
      <UniqueIdentifier>{641e232e-cd78-4adb-8487-91dd4f4feaf6}</UniqueIdentifier>
    </Filter>
    <Filter Include="Algorithm\Algorithm_Search\Algorithm_InsertSearch">
      <UniqueIdentifier>{eadea76a-7cfe-486f-b3ce-33a1f473f0f9}</UniqueIdentifier>
    </Filter>
    <Filter Include="Algorithm\Algorithm_Search\Algorithm_InsertSearch\Header Files">
      <UniqueIdentifier>{88ab6ae8-7e37-4e81-817b-35fd3faaba21}</UniqueIdentifier>
    </Filter>
    <Filter Include="Algorithm\Algorithm_Search\Algorithm_InsertSearch\Source Files">
      <UniqueIdentifier>{5d068a7a-8b43-40fe-b0a4-58c0b07f4530}</UniqueIdentifier>
    </Filter>
    <Filter Include="Algorithm\Algorithm_Search\Algorithm_BlockSearch">
      <UniqueIdentifier>{f64abe8a-1f1b-41b3-a590-4a990bcb82af}</UniqueIdentifier>
    </Filter>
    <Filter Include="Algorithm\Algorithm_Search\Algorithm_BlockSearch\Header Files">
      <UniqueIdentifier>{37e6916c-29d0-4c4a-bfb7-6f95c0a6e668}</UniqueIdentifier>
    </Filter>
    <Filter Include="Algorithm\Algorithm_Search\Algorithm_BlockSearch\Source Files">
      <UniqueIdentifier>{0f9241c5-6e8b-4642-b3c2-9b4677b8e925}</UniqueIdentifier>
    </Filter>
    <Filter Include="Algorithm\Algorithm_Search\Algorithm_BinaryBalanceTreeSearch">
      <UniqueIdentifier>{96c6f956-0f35-4a4a-b9d5-b8a871da8b06}</UniqueIdentifier>
    </Filter>
    <Filter Include="Algorithm\Algorithm_Search\Algorithm_BinaryBalanceTreeSearch\Header Files">
      <UniqueIdentifier>{5b3680ee-8d5d-49c3-af28-13125a4066ab}</UniqueIdentifier>
    </Filter>
    <Filter Include="Algorithm\Algorithm_Search\Algorithm_BinaryBalanceTreeSearch\Source Files">
      <UniqueIdentifier>{0bc74663-6c32-4491-9c96-d849ae9ae433}</UniqueIdentifier>
    </Filter>
    <Filter Include="Algorithm\Algorithm_Search\Algorithm_BinarySearch">
      <UniqueIdentifier>{7ffd2e76-85a3-4173-8097-bed4fe588ca3}</UniqueIdentifier>
    </Filter>
    <Filter Include="Algorithm\Algorithm_Search\Algorithm_BinarySearch\Header Files">
      <UniqueIdentifier>{31a450fa-99ea-437a-bc1a-8dc23d1d04b5}</UniqueIdentifier>
    </Filter>
    <Filter Include="Algorithm\Algorithm_Search\Algorithm_BinarySearch\Source Files">
      <UniqueIdentifier>{e424031a-0ca4-4633-a4ec-25ea1eabe85b}</UniqueIdentifier>
    </Filter>
    <Filter Include="Algorithm\Algorithm_Search\Algorithm_BinarySortTreeSearch">
      <UniqueIdentifier>{f27155ee-68d9-42ec-b518-ff87ec7e60ef}</UniqueIdentifier>
    </Filter>
    <Filter Include="Algorithm\Algorithm_Search\Algorithm_BinarySortTreeSearch\Header Files">
      <UniqueIdentifier>{512c0d68-35c4-4864-aa57-4f523a63e95c}</UniqueIdentifier>
    </Filter>
    <Filter Include="Algorithm\Algorithm_Search\Algorithm_BinarySortTreeSearch\Source Files">
      <UniqueIdentifier>{47a7ad7c-d6b0-43d8-90e9-d6dcf5d07e58}</UniqueIdentifier>
    </Filter>
    <Filter Include="AlgorithmPractice">
      <UniqueIdentifier>{2fcdf35d-5b3e-4c42-ae6e-f471f7568b07}</UniqueIdentifier>
    </Filter>
    <Filter Include="AlgorithmPractice\GreedyAlgorithmPractice">
      <UniqueIdentifier>{6ce1f66a-68b6-4893-b8b6-4234e970a40c}</UniqueIdentifier>
    </Filter>
  </ItemGroup>
  <ItemGroup>
    <ClCompile Include="Algorithms\Algorithm_SwitchSort\BubbleSort.cpp">
      <Filter>Algorithm\Algorithm_Sort\Algorithm_SwitchSort\Source Files</Filter>
    </ClCompile>
    <ClCompile Include="MainFiles\main.cpp">
      <Filter>Main\Source Files</Filter>
    </ClCompile>
    <ClCompile Include="MainFiles\AlgorithmTest.cpp">
      <Filter>Main\Source Files</Filter>
    </ClCompile>
    <ClCompile Include="MainFiles\DataStructTest.cpp">
      <Filter>Main\Source Files</Filter>
    </ClCompile>
    <ClCompile Include="Algorithms\Algorithm_SwitchSort\QuickSort.cpp">
      <Filter>Algorithm\Algorithm_Sort\Algorithm_SwitchSort\Source Files</Filter>
    </ClCompile>
    <ClCompile Include="DataStructure\DataStruct_Tree\BinaryTree.cpp">
      <Filter>DataStructure\DataStruct_Tree\Source Files</Filter>
    </ClCompile>
    <ClCompile Include="DataStructure\DataStruct_LinkList\DoubleLinkList.cpp">
      <Filter>DataStructure\DataStruct_LinkList\Source Files</Filter>
    </ClCompile>
    <ClCompile Include="DataStructure\DataStruct_LinkList\SingleLinkList.cpp">
      <Filter>DataStructure\DataStruct_LinkList\Source Files</Filter>
    </ClCompile>
    <ClCompile Include="DataStructure\DataStruct_Array\DynamicArray.cpp">
      <Filter>DataStructure\DataStruct_Array\Source Files</Filter>
    </ClCompile>
    <ClCompile Include="DataStructure\DataStruct_Array\DynamicArrayAdv.cpp">
      <Filter>DataStructure\DataStruct_Array\Source Files</Filter>
    </ClCompile>
    <ClCompile Include="Algorithms\Algorithm_LinearList\LinkListOperate.cpp">
      <Filter>Algorithm\Algorithm_Sort\Algorithm_LinearList\Source Files</Filter>
    </ClCompile>
    <ClCompile Include="Algorithms\Algorithm_InsertSort\DirectInsertSort.cpp">
      <Filter>Algorithm\Algorithm_Sort\Algorithm_InsertSort\Source Files</Filter>
    </ClCompile>
    <ClCompile Include="Algorithms\Algorithm_ChooseSort\ChooseSort.cpp">
      <Filter>Algorithm\Algorithm_Sort\Algorithm_ChooseSort\Source Files</Filter>
    </ClCompile>
    <ClCompile Include="Algorithms\Algorithm_InsertSort\BinaryInsertSort.cpp">
      <Filter>Algorithm\Algorithm_Sort\Algorithm_InsertSort\Source Files</Filter>
    </ClCompile>
    <ClCompile Include="Algorithms\Algorithm_InsertSort\ShellInsert.cpp">
      <Filter>Algorithm\Algorithm_Sort\Algorithm_InsertSort\Source Files</Filter>
    </ClCompile>
    <ClCompile Include="Algorithms\Algorithm_ChooseSort\HeapSort.cpp">
      <Filter>Algorithm\Algorithm_Sort\Algorithm_ChooseSort\Source Files</Filter>
    </ClCompile>
    <ClCompile Include="Algorithms\Algorithm_InnerSort\MergeSort.cpp">
      <Filter>Algorithm\Algorithm_Sort\Algorithm_InnerSort\Source Files</Filter>
    </ClCompile>
    <ClCompile Include="Algorithms\Algorithm_AllocateSort\RadixSort.cpp">
      <Filter>Algorithm\Algorithm_Sort\Algorithm_AllocateSort\Source Files</Filter>
    </ClCompile>
    <ClCompile Include="DataStructure\DataStruct_Stack\SequenceStack.cpp">
      <Filter>DataStructure\DataStruct_Stack\Source Files</Filter>
    </ClCompile>
    <ClCompile Include="DataStructure\DataStruct_Stack\LinkStack.cpp">
      <Filter>DataStructure\DataStruct_Stack\Source Files</Filter>
    </ClCompile>
    <ClCompile Include="DataStructure\DataStruct_Queue\SequenceQueue.cpp">
      <Filter>DataStructure\DataStruct_Queue\Source Files</Filter>
    </ClCompile>
    <ClCompile Include="Algorithms\Algorithm_BinarySearch\BinarySearch.cpp">
      <Filter>Algorithm\Algorithm_Search\Algorithm_BinarySearch\Source Files</Filter>
    </ClCompile>
    <ClCompile Include="Algorithms\Algorithm_InsertSearch\InsertSearch.cpp">
      <Filter>Algorithm\Algorithm_Search\Algorithm_InsertSearch\Source Files</Filter>
    </ClCompile>
    <ClCompile Include="Algorithms\Algorithm_BlockSearch\BlockSearch.cpp">
      <Filter>Algorithm\Algorithm_Search\Algorithm_BlockSearch\Source Files</Filter>
    </ClCompile>
    <ClCompile Include="Algorithms\Algorithm_BinarySortTree\BinarySortTreeSearch.cpp">
      <Filter>Algorithm\Algorithm_Search\Algorithm_BinarySortTreeSearch\Source Files</Filter>
    </ClCompile>
    <ClCompile Include="Algorithms\Algorithm_BinaryBalanceSortTree\BinaryBalanceTreeSearch.cpp">
      <Filter>Algorithm\Algorithm_Search\Algorithm_BinaryBalanceTreeSearch\Source Files</Filter>
    </ClCompile>
    <ClCompile Include="AlgorithmPractice\AssignCookies.cpp">
      <Filter>AlgorithmPractice\GreedyAlgorithmPractice</Filter>
    </ClCompile>
    <ClCompile Include="MainFiles\AlgorithmPracticeTest.cpp">
      <Filter>Main\Source Files</Filter>
    </ClCompile>
    <ClCompile Include="AlgorithmPractice\AssignCandy.cpp">
      <Filter>AlgorithmPractice\GreedyAlgorithmPractice</Filter>
    </ClCompile>
  </ItemGroup>
  <ItemGroup>
    <ClInclude Include="Algorithms\Algorithm_SwitchSort\BubbleSort.h">
      <Filter>Algorithm\Algorithm_Sort\Algorithm_SwitchSort\Header Files</Filter>
    </ClInclude>
    <ClInclude Include="MainFiles\AlgorithmTest.h">
      <Filter>Main\Header Files</Filter>
    </ClInclude>
    <ClInclude Include="MainFiles\DataStructTest.h">
      <Filter>Main\Header Files</Filter>
    </ClInclude>
    <ClInclude Include="Algorithms\Algorithm_SwitchSort\QuickSort.h">
      <Filter>Algorithm\Algorithm_Sort\Algorithm_SwitchSort\Header Files</Filter>
    </ClInclude>
    <ClInclude Include="DataStructure\DataStruct_Tree\BinaryTree.h">
      <Filter>DataStructure\DataStruct_Tree\Header Files</Filter>
    </ClInclude>
    <ClInclude Include="DataStructure\DataStruct_LinkList\DoubleLinkList.h">
      <Filter>DataStructure\DataStruct_LinkList\Header Files</Filter>
    </ClInclude>
    <ClInclude Include="DataStructure\DataStruct_LinkList\SingleLinkList.h">
      <Filter>DataStructure\DataStruct_LinkList\Header Files</Filter>
    </ClInclude>
    <ClInclude Include="DataStructure\DataStruct_Array\DynamicArray.h">
      <Filter>DataStructure\DataStruct_Array\Header Files</Filter>
    </ClInclude>
    <ClInclude Include="DataStructure\DataStruct_Array\DynamicArrayAdv.h">
      <Filter>DataStructure\DataStruct_Array\Header Files</Filter>
    </ClInclude>
    <ClInclude Include="Algorithms\Algorithm_LinearList\LinkListOperate.h">
      <Filter>Algorithm\Algorithm_Sort\Algorithm_LinearList\Header Files</Filter>
    </ClInclude>
    <ClInclude Include="Algorithms\Algorithm_InsertSort\DirectInsertSort.h">
      <Filter>Algorithm\Algorithm_Sort\Algorithm_InsertSort\Header Files</Filter>
    </ClInclude>
    <ClInclude Include="Algorithms\Algorithm_ChooseSort\ChooseSort.h">
      <Filter>Algorithm\Algorithm_Sort\Algorithm_ChooseSort\Header Files</Filter>
    </ClInclude>
    <ClInclude Include="Algorithms\Algorithm_InsertSort\BinaryInsertSort.h">
      <Filter>Algorithm\Algorithm_Sort\Algorithm_InsertSort\Header Files</Filter>
    </ClInclude>
    <ClInclude Include="Algorithms\Algorithm_InsertSort\ShellInsert.h">
      <Filter>Algorithm\Algorithm_Sort\Algorithm_InsertSort\Header Files</Filter>
    </ClInclude>
    <ClInclude Include="Algorithms\Algorithm_ChooseSort\HeapSort.h">
      <Filter>Algorithm\Algorithm_Sort\Algorithm_ChooseSort\Header Files</Filter>
    </ClInclude>
    <ClInclude Include="Algorithms\Algorithm_InnerSort\MergeSort.h">
      <Filter>Algorithm\Algorithm_Sort\Algorithm_InnerSort\Header Files</Filter>
    </ClInclude>
    <ClInclude Include="Algorithms\Algorithm_AllocateSort\RadixSort.h">
      <Filter>Algorithm\Algorithm_Sort\Algorithm_AllocateSort\Header Files</Filter>
    </ClInclude>
    <ClInclude Include="DataStructure\DataStruct_Stack\SequenceStack.h">
      <Filter>DataStructure\DataStruct_Stack\Header Fles</Filter>
    </ClInclude>
    <ClInclude Include="DataStructure\DataStruct_Stack\LinkStack.h">
      <Filter>DataStructure\DataStruct_Stack\Header Fles</Filter>
    </ClInclude>
    <ClInclude Include="DataStructure\DataStruct_Queue\SequenceQueue.h">
      <Filter>DataStructure\DataStruct_Queue\Header Files</Filter>
    </ClInclude>
    <ClInclude Include="Algorithms\Algorithm_BinarySearch\BinarySearch.h">
      <Filter>Algorithm\Algorithm_Search\Algorithm_BinarySearch\Header Files</Filter>
    </ClInclude>
    <ClInclude Include="Algorithms\Algorithm_InsertSearch\InsertSearch.h">
      <Filter>Algorithm\Algorithm_Search\Algorithm_InsertSearch\Header Files</Filter>
    </ClInclude>
    <ClInclude Include="Algorithms\Algorithm_BlockSearch\BlockSearch.h">
      <Filter>Algorithm\Algorithm_Search\Algorithm_BlockSearch\Header Files</Filter>
    </ClInclude>
    <ClInclude Include="Algorithms\Algorithm_BinarySortTree\BinarySortTreeSearch.h">
      <Filter>Algorithm\Algorithm_Search\Algorithm_BinarySortTreeSearch\Header Files</Filter>
    </ClInclude>
    <ClInclude Include="Algorithms\Algorithm_BinaryBalanceSortTree\BinaryBalanceTreeSearch.h">
      <Filter>Algorithm\Algorithm_Search\Algorithm_BinaryBalanceTreeSearch\Header Files</Filter>
    </ClInclude>
    <ClInclude Include="AlgorithmPractice\PublicHeaders.h">
      <Filter>AlgorithmPractice\GreedyAlgorithmPractice</Filter>
    </ClInclude>
    <ClInclude Include="MainFiles\AlgorithmPracticeTest.h">
      <Filter>Main\Header Files</Filter>
    </ClInclude>
  </ItemGroup>
</Project>